// !$*UTF8*$!
{
	archiveVersion = 1;
	classes = {
	};
	objectVersion = 56;
	objects = {

/* Begin PBXBuildFile section */
		3AD1853C294CEF6800DA0C03 /* MisturadorApp.swift in Sources */ = {isa = PBXBuildFile; fileRef = 3AD1853B294CEF6800DA0C03 /* MisturadorApp.swift */; };
		3AD1853E294CEF6800DA0C03 /* ContentView.swift in Sources */ = {isa = PBXBuildFile; fileRef = 3AD1853D294CEF6800DA0C03 /* ContentView.swift */; };
		3AD18540294CEF6C00DA0C03 /* Assets.xcassets in Resources */ = {isa = PBXBuildFile; fileRef = 3AD1853F294CEF6C00DA0C03 /* Assets.xcassets */; };
		3AD18543294CEF6C00DA0C03 /* Preview Assets.xcassets in Resources */ = {isa = PBXBuildFile; fileRef = 3AD18542294CEF6C00DA0C03 /* Preview Assets.xcassets */; };
		3AD18545294CEF6C00DA0C03 /* Persistence.swift in Sources */ = {isa = PBXBuildFile; fileRef = 3AD18544294CEF6C00DA0C03 /* Persistence.swift */; };
		3AD18548294CEF6C00DA0C03 /* Misturador.xcdatamodeld in Sources */ = {isa = PBXBuildFile; fileRef = 3AD18546294CEF6C00DA0C03 /* Misturador.xcdatamodeld */; };
		3AD1854F294CEFFF00DA0C03 /* ListView.swift in Sources */ = {isa = PBXBuildFile; fileRef = 3AD1854E294CEFFF00DA0C03 /* ListView.swift */; };
		3AD18551294CFE0C00DA0C03 /* FormView.swift in Sources */ = {isa = PBXBuildFile; fileRef = 3AD18550294CFE0C00DA0C03 /* FormView.swift */; };
		3AD18554294D03BC00DA0C03 /* ItemListView.swift in Sources */ = {isa = PBXBuildFile; fileRef = 3AD18553294D03BC00DA0C03 /* ItemListView.swift */; };
/* End PBXBuildFile section */

/* Begin PBXFileReference section */
		3AD18538294CEF6800DA0C03 /* Misturador.app */ = {isa = PBXFileReference; explicitFileType = wrapper.application; includeInIndex = 0; path = Misturador.app; sourceTree = BUILT_PRODUCTS_DIR; };
		3AD1853B294CEF6800DA0C03 /* MisturadorApp.swift */ = {isa = PBXFileReference; lastKnownFileType = sourcecode.swift; path = MisturadorApp.swift; sourceTree = "<group>"; };
		3AD1853D294CEF6800DA0C03 /* ContentView.swift */ = {isa = PBXFileReference; lastKnownFileType = sourcecode.swift; path = ContentView.swift; sourceTree = "<group>"; };
		3AD1853F294CEF6C00DA0C03 /* Assets.xcassets */ = {isa = PBXFileReference; lastKnownFileType = folder.assetcatalog; path = Assets.xcassets; sourceTree = "<group>"; };
		3AD18542294CEF6C00DA0C03 /* Preview Assets.xcassets */ = {isa = PBXFileReference; lastKnownFileType = folder.assetcatalog; path = "Preview Assets.xcassets"; sourceTree = "<group>"; };
		3AD18544294CEF6C00DA0C03 /* Persistence.swift */ = {isa = PBXFileReference; lastKnownFileType = sourcecode.swift; path = Persistence.swift; sourceTree = "<group>"; };
		3AD18547294CEF6C00DA0C03 /* Misturador.xcdatamodel */ = {isa = PBXFileReference; lastKnownFileType = wrapper.xcdatamodel; path = Misturador.xcdatamodel; sourceTree = "<group>"; };
		3AD1854E294CEFFF00DA0C03 /* ListView.swift */ = {isa = PBXFileReference; lastKnownFileType = sourcecode.swift; path = ListView.swift; sourceTree = "<group>"; };
		3AD18550294CFE0C00DA0C03 /* FormView.swift */ = {isa = PBXFileReference; lastKnownFileType = sourcecode.swift; path = FormView.swift; sourceTree = "<group>"; };
		3AD18553294D03BC00DA0C03 /* ItemListView.swift */ = {isa = PBXFileReference; lastKnownFileType = sourcecode.swift; path = ItemListView.swift; sourceTree = "<group>"; };
/* End PBXFileReference section */

/* Begin PBXFrameworksBuildPhase section */
		3AD18535294CEF6800DA0C03 /* Frameworks */ = {
			isa = PBXFrameworksBuildPhase;
			buildActionMask = 2147483647;
			files = (
			);
			runOnlyForDeploymentPostprocessing = 0;
		};
/* End PBXFrameworksBuildPhase section */

/* Begin PBXGroup section */
		3AD1852F294CEF6800DA0C03 = {
			isa = PBXGroup;
			children = (
				3AD1853A294CEF6800DA0C03 /* Misturador */,
				3AD18539294CEF6800DA0C03 /* Products */,
			);
			sourceTree = "<group>";
		};
		3AD18539294CEF6800DA0C03 /* Products */ = {
			isa = PBXGroup;
			children = (
				3AD18538294CEF6800DA0C03 /* Misturador.app */,
			);
			name = Products;
			sourceTree = "<group>";
		};
		3AD1853A294CEF6800DA0C03 /* Misturador */ = {
			isa = PBXGroup;
			children = (
				3AD18552294CFEE700DA0C03 /* view */,
				3AD1853B294CEF6800DA0C03 /* MisturadorApp.swift */,
				3AD18544294CEF6C00DA0C03 /* Persistence.swift */,
				3AD18546294CEF6C00DA0C03 /* Misturador.xcdatamodeld */,
				3AD1853F294CEF6C00DA0C03 /* Assets.xcassets */,
				3AD18541294CEF6C00DA0C03 /* Preview Content */,
			);
			path = Misturador;
			sourceTree = "<group>";
		};
		3AD18541294CEF6C00DA0C03 /* Preview Content */ = {
			isa = PBXGroup;
			children = (
				3AD18542294CEF6C00DA0C03 /* Preview Assets.xcassets */,
			);
			path = "Preview Content";
			sourceTree = "<group>";
		};
		3AD18552294CFEE700DA0C03 /* view */ = {
			isa = PBXGroup;
			children = (
				3AD1853D294CEF6800DA0C03 /* ContentView.swift */,
				3AD18550294CFE0C00DA0C03 /* FormView.swift */,
				3AD1854E294CEFFF00DA0C03 /* ListView.swift */,
				3AD18553294D03BC00DA0C03 /* ItemListView.swift */,
			);
			path = view;
			sourceTree = "<group>";
		};
/* End PBXGroup section */

/* Begin PBXNativeTarget section */
		3AD18537294CEF6800DA0C03 /* Misturador */ = {
			isa = PBXNativeTarget;
			buildConfigurationList = 3AD1854B294CEF6C00DA0C03 /* Build configuration list for PBXNativeTarget "Misturador" */;
			buildPhases = (
				3AD18534294CEF6800DA0C03 /* Sources */,
				3AD18535294CEF6800DA0C03 /* Frameworks */,
				3AD18536294CEF6800DA0C03 /* Resources */,
			);
			buildRules = (
			);
			dependencies = (
			);
			name = Misturador;
			productName = Misturador;
			productReference = 3AD18538294CEF6800DA0C03 /* Misturador.app */;
			productType = "com.apple.product-type.application";
		};
/* End PBXNativeTarget section */

/* Begin PBXProject section */
		3AD18530294CEF6800DA0C03 /* Project object */ = {
			isa = PBXProject;
			attributes = {
				BuildIndependentTargetsInParallel = 1;
				LastSwiftUpdateCheck = 1410;
				LastUpgradeCheck = 1410;
				TargetAttributes = {
					3AD18537294CEF6800DA0C03 = {
						CreatedOnToolsVersion = 14.1;
					};
				};
			};
			buildConfigurationList = 3AD18533294CEF6800DA0C03 /* Build configuration list for PBXProject "Misturador" */;
			compatibilityVersion = "Xcode 14.0";
			developmentRegion = en;
			hasScannedForEncodings = 0;
			knownRegions = (
				en,
				Base,
			);
			mainGroup = 3AD1852F294CEF6800DA0C03;
			productRefGroup = 3AD18539294CEF6800DA0C03 /* Products */;
			projectDirPath = "";
			projectRoot = "";
			targets = (
				3AD18537294CEF6800DA0C03 /* Misturador */,
			);
		};
/* End PBXProject section */

/* Begin PBXResourcesBuildPhase section */
		3AD18536294CEF6800DA0C03 /* Resources */ = {
			isa = PBXResourcesBuildPhase;
			buildActionMask = 2147483647;
			files = (
				3AD18543294CEF6C00DA0C03 /* Preview Assets.xcassets in Resources */,
				3AD18540294CEF6C00DA0C03 /* Assets.xcassets in Resources */,
			);
			runOnlyForDeploymentPostprocessing = 0;
		};
/* End PBXResourcesBuildPhase section */

/* Begin PBXSourcesBuildPhase section */
		3AD18534294CEF6800DA0C03 /* Sources */ = {
			isa = PBXSourcesBuildPhase;
			buildActionMask = 2147483647;
			files = (
				3AD18551294CFE0C00DA0C03 /* FormView.swift in Sources */,
				3AD18545294CEF6C00DA0C03 /* Persistence.swift in Sources */,
				3AD18548294CEF6C00DA0C03 /* Misturador.xcdatamodeld in Sources */,
				3AD1854F294CEFFF00DA0C03 /* ListView.swift in Sources */,
				3AD1853E294CEF6800DA0C03 /* ContentView.swift in Sources */,
				3AD1853C294CEF6800DA0C03 /* MisturadorApp.swift in Sources */,
				3AD18554294D03BC00DA0C03 /* ItemListView.swift in Sources */,
			);
			runOnlyForDeploymentPostprocessing = 0;
		};
/* End PBXSourcesBuildPhase section */

/* Begin XCBuildConfiguration section */
		3AD18549294CEF6C00DA0C03 /* Debug */ = {
			isa = XCBuildConfiguration;
			buildSettings = {
				ALWAYS_SEARCH_USER_PATHS = NO;
				CLANG_ANALYZER_NONNULL = YES;
				CLANG_ANALYZER_NUMBER_OBJECT_CONVERSION = YES_AGGRESSIVE;
				CLANG_CXX_LANGUAGE_STANDARD = "gnu++20";
				CLANG_ENABLE_MODULES = YES;
				CLANG_ENABLE_OBJC_ARC = YES;
				CLANG_ENABLE_OBJC_WEAK = YES;
				CLANG_WARN_BLOCK_CAPTURE_AUTORELEASING = YES;
				CLANG_WARN_BOOL_CONVERSION = YES;
				CLANG_WARN_COMMA = YES;
				CLANG_WARN_CONSTANT_CONVERSION = YES;
				CLANG_WARN_DEPRECATED_OBJC_IMPLEMENTATIONS = YES;
				CLANG_WARN_DIRECT_OBJC_ISA_USAGE = YES_ERROR;
				CLANG_WARN_DOCUMENTATION_COMMENTS = YES;
				CLANG_WARN_EMPTY_BODY = YES;
				CLANG_WARN_ENUM_CONVERSION = YES;
				CLANG_WARN_INFINITE_RECURSION = YES;
				CLANG_WARN_INT_CONVERSION = YES;
				CLANG_WARN_NON_LITERAL_NULL_CONVERSION = YES;
				CLANG_WARN_OBJC_IMPLICIT_RETAIN_SELF = YES;
				CLANG_WARN_OBJC_LITERAL_CONVERSION = YES;
				CLANG_WARN_OBJC_ROOT_CLASS = YES_ERROR;
				CLANG_WARN_QUOTED_INCLUDE_IN_FRAMEWORK_HEADER = YES;
				CLANG_WARN_RANGE_LOOP_ANALYSIS = YES;
				CLANG_WARN_STRICT_PROTOTYPES = YES;
				CLANG_WARN_SUSPICIOUS_MOVE = YES;
				CLANG_WARN_UNGUARDED_AVAILABILITY = YES_AGGRESSIVE;
				CLANG_WARN_UNREACHABLE_CODE = YES;
				CLANG_WARN__DUPLICATE_METHOD_MATCH = YES;
				COPY_PHASE_STRIP = NO;
				DEBUG_INFORMATION_FORMAT = dwarf;
				ENABLE_STRICT_OBJC_MSGSEND = YES;
				ENABLE_TESTABILITY = YES;
				GCC_C_LANGUAGE_STANDARD = gnu11;
				GCC_DYNAMIC_NO_PIC = NO;
				GCC_NO_COMMON_BLOCKS = YES;
				GCC_OPTIMIZATION_LEVEL = 0;
				GCC_PREPROCESSOR_DEFINITIONS = (
					"DEBUG=1",
					"$(inherited)",
				);
				GCC_WARN_64_TO_32_BIT_CONVERSION = YES;
				GCC_WARN_ABOUT_RETURN_TYPE = YES_ERROR;
				GCC_WARN_UNDECLARED_SELECTOR = YES;
				GCC_WARN_UNINITIALIZED_AUTOS = YES_AGGRESSIVE;
				GCC_WARN_UNUSED_FUNCTION = YES;
				GCC_WARN_UNUSED_VARIABLE = YES;
				IPHONEOS_DEPLOYMENT_TARGET = 16.1;
				MTL_ENABLE_DEBUG_INFO = INCLUDE_SOURCE;
				MTL_FAST_MATH = YES;
				ONLY_ACTIVE_ARCH = YES;
				SDKROOT = iphoneos;
				SWIFT_ACTIVE_COMPILATION_CONDITIONS = DEBUG;
				SWIFT_OPTIMIZATION_LEVEL = "-Onone";
			};
			name = Debug;
		};
		3AD1854A294CEF6C00DA0C03 /* Release */ = {
			isa = XCBuildConfiguration;
			buildSettings = {
				ALWAYS_SEARCH_USER_PATHS = NO;
				CLANG_ANALYZER_NONNULL = YES;
				CLANG_ANALYZER_NUMBER_OBJECT_CONVERSION = YES_AGGRESSIVE;
				CLANG_CXX_LANGUAGE_STANDARD = "gnu++20";
				CLANG_ENABLE_MODULES = YES;
				CLANG_ENABLE_OBJC_ARC = YES;
				CLANG_ENABLE_OBJC_WEAK = YES;
				CLANG_WARN_BLOCK_CAPTURE_AUTORELEASING = YES;
				CLANG_WARN_BOOL_CONVERSION = YES;
				CLANG_WARN_COMMA = YES;
				CLANG_WARN_CONSTANT_CONVERSION = YES;
				CLANG_WARN_DEPRECATED_OBJC_IMPLEMENTATIONS = YES;
				CLANG_WARN_DIRECT_OBJC_ISA_USAGE = YES_ERROR;
				CLANG_WARN_DOCUMENTATION_COMMENTS = YES;
				CLANG_WARN_EMPTY_BODY = YES;
				CLANG_WARN_ENUM_CONVERSION = YES;
				CLANG_WARN_INFINITE_RECURSION = YES;
				CLANG_WARN_INT_CONVERSION = YES;
				CLANG_WARN_NON_LITERAL_NULL_CONVERSION = YES;
				CLANG_WARN_OBJC_IMPLICIT_RETAIN_SELF = YES;
				CLANG_WARN_OBJC_LITERAL_CONVERSION = YES;
				CLANG_WARN_OBJC_ROOT_CLASS = YES_ERROR;
				CLANG_WARN_QUOTED_INCLUDE_IN_FRAMEWORK_HEADER = YES;
				CLANG_WARN_RANGE_LOOP_ANALYSIS = YES;
				CLANG_WARN_STRICT_PROTOTYPES = YES;
				CLANG_WARN_SUSPICIOUS_MOVE = YES;
				CLANG_WARN_UNGUARDED_AVAILABILITY = YES_AGGRESSIVE;
				CLANG_WARN_UNREACHABLE_CODE = YES;
				CLANG_WARN__DUPLICATE_METHOD_MATCH = YES;
				COPY_PHASE_STRIP = NO;
				DEBUG_INFORMATION_FORMAT = "dwarf-with-dsym";
				ENABLE_NS_ASSERTIONS = NO;
				ENABLE_STRICT_OBJC_MSGSEND = YES;
				GCC_C_LANGUAGE_STANDARD = gnu11;
				GCC_NO_COMMON_BLOCKS = YES;
				GCC_WARN_64_TO_32_BIT_CONVERSION = YES;
				GCC_WARN_ABOUT_RETURN_TYPE = YES_ERROR;
				GCC_WARN_UNDECLARED_SELECTOR = YES;
				GCC_WARN_UNINITIALIZED_AUTOS = YES_AGGRESSIVE;
				GCC_WARN_UNUSED_FUNCTION = YES;
				GCC_WARN_UNUSED_VARIABLE = YES;
				IPHONEOS_DEPLOYMENT_TARGET = 16.1;
				MTL_ENABLE_DEBUG_INFO = NO;
				MTL_FAST_MATH = YES;
				SDKROOT = iphoneos;
				SWIFT_COMPILATION_MODE = wholemodule;
				SWIFT_OPTIMIZATION_LEVEL = "-O";
				VALIDATE_PRODUCT = YES;
			};
			name = Release;
		};
		3AD1854C294CEF6C00DA0C03 /* Debug */ = {
			isa = XCBuildConfiguration;
			buildSettings = {
				ASSETCATALOG_COMPILER_APPICON_NAME = AppIcon;
				ASSETCATALOG_COMPILER_GLOBAL_ACCENT_COLOR_NAME = AccentColor;
				CODE_SIGN_STYLE = Automatic;
				CURRENT_PROJECT_VERSION = 1;
				DEVELOPMENT_ASSET_PATHS = "\"Misturador/Preview Content\"";
				ENABLE_PREVIEWS = YES;
				GENERATE_INFOPLIST_FILE = YES;
				INFOPLIST_KEY_UIApplicationSceneManifest_Generation = YES;
				INFOPLIST_KEY_UIApplicationSupportsIndirectInputEvents = YES;
				INFOPLIST_KEY_UILaunchScreen_Generation = YES;
				INFOPLIST_KEY_UISupportedInterfaceOrientations_iPad = "UIInterfaceOrientationPortrait UIInterfaceOrientationPortraitUpsideDown UIInterfaceOrientationLandscapeLeft UIInterfaceOrientationLandscapeRight";
				INFOPLIST_KEY_UISupportedInterfaceOrientations_iPhone = "UIInterfaceOrientationPortrait UIInterfaceOrientationLandscapeLeft UIInterfaceOrientationLandscapeRight";
				LD_RUNPATH_SEARCH_PATHS = (
					"$(inherited)",
					"@executable_path/Frameworks",
				);
				MARKETING_VERSION = 1.0;
				PRODUCT_BUNDLE_IDENTIFIER = br.edu.ifpb.jpa.si.pdm.Misturador;
				PRODUCT_NAME = "$(TARGET_NAME)";
				SWIFT_EMIT_LOC_STRINGS = YES;
				SWIFT_VERSION = 5.0;
				TARGETED_DEVICE_FAMILY = "1,2";
			};
			name = Debug;
		};
		3AD1854D294CEF6C00DA0C03 /* Release */ = {
			isa = XCBuildConfiguration;
			buildSettings = {
				ASSETCATALOG_COMPILER_APPICON_NAME = AppIcon;
				ASSETCATALOG_COMPILER_GLOBAL_ACCENT_COLOR_NAME = AccentColor;
				CODE_SIGN_STYLE = Automatic;
				CURRENT_PROJECT_VERSION = 1;
				DEVELOPMENT_ASSET_PATHS = "\"Misturador/Preview Content\"";
				ENABLE_PREVIEWS = YES;
				GENERATE_INFOPLIST_FILE = YES;
				INFOPLIST_KEY_UIApplicationSceneManifest_Generation = YES;
				INFOPLIST_KEY_UIApplicationSupportsIndirectInputEvents = YES;
				INFOPLIST_KEY_UILaunchScreen_Generation = YES;
				INFOPLIST_KEY_UISupportedInterfaceOrientations_iPad = "UIInterfaceOrientationPortrait UIInterfaceOrientationPortraitUpsideDown UIInterfaceOrientationLandscapeLeft UIInterfaceOrientationLandscapeRight";
				INFOPLIST_KEY_UISupportedInterfaceOrientations_iPhone = "UIInterfaceOrientationPortrait UIInterfaceOrientationLandscapeLeft UIInterfaceOrientationLandscapeRight";
				LD_RUNPATH_SEARCH_PATHS = (
					"$(inherited)",
					"@executable_path/Frameworks",
				);
				MARKETING_VERSION = 1.0;
				PRODUCT_BUNDLE_IDENTIFIER = br.edu.ifpb.jpa.si.pdm.Misturador;
				PRODUCT_NAME = "$(TARGET_NAME)";
				SWIFT_EMIT_LOC_STRINGS = YES;
				SWIFT_VERSION = 5.0;
				TARGETED_DEVICE_FAMILY = "1,2";
			};
			name = Release;
		};
/* End XCBuildConfiguration section */

/* Begin XCConfigurationList section */
		3AD18533294CEF6800DA0C03 /* Build configuration list for PBXProject "Misturador" */ = {
			isa = XCConfigurationList;
			buildConfigurations = (
				3AD18549294CEF6C00DA0C03 /* Debug */,
				3AD1854A294CEF6C00DA0C03 /* Release */,
			);
			defaultConfigurationIsVisible = 0;
			defaultConfigurationName = Release;
		};
		3AD1854B294CEF6C00DA0C03 /* Build configuration list for PBXNativeTarget "Misturador" */ = {
			isa = XCConfigurationList;
			buildConfigurations = (
				3AD1854C294CEF6C00DA0C03 /* Debug */,
				3AD1854D294CEF6C00DA0C03 /* Release */,
			);
			defaultConfigurationIsVisible = 0;
			defaultConfigurationName = Release;
		};
/* End XCConfigurationList section */

/* Begin XCVersionGroup section */
		3AD18546294CEF6C00DA0C03 /* Misturador.xcdatamodeld */ = {
			isa = XCVersionGroup;
			children = (
				3AD18547294CEF6C00DA0C03 /* Misturador.xcdatamodel */,
			);
			currentVersion = 3AD18547294CEF6C00DA0C03 /* Misturador.xcdatamodel */;
			path = Misturador.xcdatamodeld;
			sourceTree = "<group>";
			versionGroupType = wrapper.xcdatamodel;
		};
/* End XCVersionGroup section */
	};
	rootObject = 3AD18530294CEF6800DA0C03 /* Project object */;
}
